[[package]]
name = "beautifulsoup4"
version = "4.10.0"
description = "Screen-scraping library"
category = "main"
optional = false
python-versions = ">3.0.0"

[package.dependencies]
soupsieve = ">1.2"

[package.extras]
html5lib = ["html5lib"]
lxml = ["lxml"]

[[package]]
name = "bs4"
version = "0.0.1"
description = "Dummy package for Beautiful Soup"
category = "main"
optional = false
python-versions = "*"

[package.dependencies]
beautifulsoup4 = "*"

[[package]]
name = "cssselect"
version = "1.1.0"
description = "cssselect parses CSS3 Selectors and translates them to XPath 1.0"
category = "main"
optional = false
python-versions = ">=2.7, !=3.0.*, !=3.1.*, !=3.2.*, !=3.3.*"

[[package]]
name = "future"
version = "0.18.2"
description = "Clean single-source support for Python 3 and 2"
category = "main"
optional = false
python-versions = ">=2.6, !=3.0.*, !=3.1.*, !=3.2.*"

[[package]]
name = "html-to-json"
version = "2.0.0"
description = "Convert html to json."
category = "main"
optional = false
python-versions = "*"

[package.dependencies]
bs4 = "*"

[[package]]
name = "html2json"
version = "0.2.4.1"
description = "Parsing HTML to JSON"
category = "main"
optional = false
python-versions = "*"

[package.dependencies]
future = ">=0.16.0"
pyquery = ">=1.4.0"

[[package]]
name = "lxml"
version = "4.7.1"
description = "Powerful and Pythonic XML processing library combining libxml2/libxslt with the ElementTree API."
category = "main"
optional = false
python-versions = ">=2.7, !=3.0.*, !=3.1.*, !=3.2.*, !=3.3.*, != 3.4.*"

[package.extras]
cssselect = ["cssselect (>=0.7)"]
html5 = ["html5lib"]
htmlsoup = ["beautifulsoup4"]
source = ["Cython (>=0.29.7)"]

[[package]]
name = "pyquery"
version = "1.4.3"
description = "A jquery-like library for python"
category = "main"
optional = false
python-versions = "*"

[package.dependencies]
cssselect = ">0.7.9"
lxml = ">=2.1"

[[package]]
name = "ruamel.yaml"
version = "0.17.20"
description = "ruamel.yaml is a YAML parser/emitter that supports roundtrip preservation of comments, seq/map flow style, and map key order"
category = "main"
optional = false
python-versions = ">=3"

[package.dependencies]
"ruamel.yaml.clib" = {version = ">=0.2.6", markers = "platform_python_implementation == \"CPython\" and python_version < \"3.11\""}

[package.extras]
docs = ["ryd"]
jinja2 = ["ruamel.yaml.jinja2 (>=0.2)"]

[[package]]
name = "ruamel.yaml.clib"
version = "0.2.6"
description = "C version of reader, parser and emitter for ruamel.yaml derived from libyaml"
category = "main"
optional = false
python-versions = ">=3.5"

[[package]]
name = "soupsieve"
version = "2.3.1"
description = "A modern CSS selector implementation for Beautiful Soup."
category = "main"
optional = false
python-versions = ">=3.6"

[metadata]
lock-version = "1.1"
python-versions = "^3.8"
content-hash = "2134f6160c2934e8290696a0efe541e50f5ef2cc91d0ac20e018963a3aae2d8d"

[metadata.files]
beautifulsoup4 = [
    {file = "beautifulsoup4-4.10.0-py3-none-any.whl", hash = "sha256:9a315ce70049920ea4572a4055bc4bd700c940521d36fc858205ad4fcde149bf"},
    {file = "beautifulsoup4-4.10.0.tar.gz", hash = "sha256:c23ad23c521d818955a4151a67d81580319d4bf548d3d49f4223ae041ff98891"},
]
bs4 = [
    {file = "bs4-0.0.1.tar.gz", hash = "sha256:36ecea1fd7cc5c0c6e4a1ff075df26d50da647b75376626cc186e2212886dd3a"},
]
cssselect = [
    {file = "cssselect-1.1.0-py2.py3-none-any.whl", hash = "sha256:f612ee47b749c877ebae5bb77035d8f4202c6ad0f0fc1271b3c18ad6c4468ecf"},
    {file = "cssselect-1.1.0.tar.gz", hash = "sha256:f95f8dedd925fd8f54edb3d2dfb44c190d9d18512377d3c1e2388d16126879bc"},
]
future = [
    {file = "future-0.18.2.tar.gz", hash = "sha256:b1bead90b70cf6ec3f0710ae53a525360fa360d306a86583adc6bf83a4db537d"},
]
html-to-json = [
    {file = "html_to_json-2.0.0-py2.py3-none-any.whl", hash = "sha256:707ba86390ac05cf59d36a106f3d3da34b6075a245ee597d4c6c06ca9a6d0898"},
    {file = "html_to_json-2.0.0.tar.gz", hash = "sha256:3fc848f40618f444f8e9971f88a22fef041d0cb4569464de018dcf8e3c37669e"},
]
html2json = [
    {file = "html2json-0.2.4.1.tar.gz", hash = "sha256:e35ab1e7a62938c990f59933a295066f4083be4404091259d9e06d493bc79a31"},
]
lxml = [
    {file = "lxml-4.7.1-cp27-cp27m-macosx_10_14_x86_64.whl", hash = "sha256:d546431636edb1d6a608b348dd58cc9841b81f4116745857b6cb9f8dadb2725f"},
    {file = "lxml-4.7.1-cp27-cp27m-manylinux_2_5_i686.manylinux1_i686.whl", hash = "sha256:6308062534323f0d3edb4e702a0e26a76ca9e0e23ff99be5d82750772df32a9e"},
    {file = "lxml-4.7.1-cp27-cp27m-manylinux_2_5_x86_64.manylinux1_x86_64.whl", hash = "sha256:f76dbe44e31abf516114f6347a46fa4e7c2e8bceaa4b6f7ee3a0a03c8eba3c17"},
    {file = "lxml-4.7.1-cp27-cp27m-win32.whl", hash = "sha256:d5618d49de6ba63fe4510bdada62d06a8acfca0b4b5c904956c777d28382b419"},
    {file = "lxml-4.7.1-cp27-cp27m-win_amd64.whl", hash = "sha256:9393a05b126a7e187f3e38758255e0edf948a65b22c377414002d488221fdaa2"},
    {file = "lxml-4.7.1-cp27-cp27mu-manylinux_2_5_i686.manylinux1_i686.whl", hash = "sha256:50d3dba341f1e583265c1a808e897b4159208d814ab07530202b6036a4d86da5"},
    {file = "lxml-4.7.1-cp27-cp27mu-manylinux_2_5_x86_64.manylinux1_x86_64.whl", hash = "sha256:44f552e0da3c8ee3c28e2eb82b0b784200631687fc6a71277ea8ab0828780e7d"},
    {file = "lxml-4.7.1-cp310-cp310-macosx_10_14_x86_64.whl", hash = "sha256:e662c6266e3a275bdcb6bb049edc7cd77d0b0f7e119a53101d367c841afc66dc"},
    {file = "lxml-4.7.1-cp310-cp310-manylinux_2_12_i686.manylinux2010_i686.manylinux_2_24_i686.whl", hash = "sha256:4c093c571bc3da9ebcd484e001ba18b8452903cd428c0bc926d9b0141bcb710e"},
    {file = "lxml-4.7.1-cp310-cp310-manylinux_2_17_aarch64.manylinux2014_aarch64.manylinux_2_24_aarch64.whl", hash = "sha256:3e26ad9bc48d610bf6cc76c506b9e5ad9360ed7a945d9be3b5b2c8535a0145e3"},
    {file = "lxml-4.7.1-cp310-cp310-manylinux_2_17_x86_64.manylinux2014_x86_64.manylinux_2_24_x86_64.whl", hash = "sha256:a5f623aeaa24f71fce3177d7fee875371345eb9102b355b882243e33e04b7175"},
    {file = "lxml-4.7.1-cp310-cp310-musllinux_1_1_x86_64.whl", hash = "sha256:7b5e2acefd33c259c4a2e157119c4373c8773cf6793e225006a1649672ab47a6"},
    {file = "lxml-4.7.1-cp310-cp310-win32.whl", hash = "sha256:67fa5f028e8a01e1d7944a9fb616d1d0510d5d38b0c41708310bd1bc45ae89f6"},
    {file = "lxml-4.7.1-cp310-cp310-win_amd64.whl", hash = "sha256:b1d381f58fcc3e63fcc0ea4f0a38335163883267f77e4c6e22d7a30877218a0e"},
    {file = "lxml-4.7.1-cp35-cp35m-manylinux_2_5_i686.manylinux1_i686.whl", hash = "sha256:38d9759733aa04fb1697d717bfabbedb21398046bd07734be7cccc3d19ea8675"},
    {file = "lxml-4.7.1-cp35-cp35m-manylinux_2_5_x86_64.manylinux1_x86_64.whl", hash = "sha256:dfd0d464f3d86a1460683cd742306d1138b4e99b79094f4e07e1ca85ee267fe7"},
    {file = "lxml-4.7.1-cp35-cp35m-win32.whl", hash = "sha256:534e946bce61fd162af02bad7bfd2daec1521b71d27238869c23a672146c34a5"},
    {file = "lxml-4.7.1-cp35-cp35m-win_amd64.whl", hash = "sha256:6ec829058785d028f467be70cd195cd0aaf1a763e4d09822584ede8c9eaa4b03"},
    {file = "lxml-4.7.1-cp36-cp36m-macosx_10_14_x86_64.whl", hash = "sha256:ade74f5e3a0fd17df5782896ddca7ddb998845a5f7cd4b0be771e1ffc3b9aa5b"},
    {file = "lxml-4.7.1-cp36-cp36m-manylinux_2_12_i686.manylinux2010_i686.manylinux_2_24_i686.whl", hash = "sha256:41358bfd24425c1673f184d7c26c6ae91943fe51dfecc3603b5e08187b4bcc55"},
    {file = "lxml-4.7.1-cp36-cp36m-manylinux_2_17_x86_64.manylinux2014_x86_64.manylinux_2_24_x86_64.whl", hash = "sha256:6e56521538f19c4a6690f439fefed551f0b296bd785adc67c1777c348beb943d"},
    {file = "lxml-4.7.1-cp36-cp36m-manylinux_2_5_i686.manylinux1_i686.whl", hash = "sha256:5b0f782f0e03555c55e37d93d7a57454efe7495dab33ba0ccd2dbe25fc50f05d"},
    {file = "lxml-4.7.1-cp36-cp36m-manylinux_2_5_x86_64.manylinux1_x86_64.whl", hash = "sha256:490712b91c65988012e866c411a40cc65b595929ececf75eeb4c79fcc3bc80a6"},
    {file = "lxml-4.7.1-cp36-cp36m-musllinux_1_1_x86_64.whl", hash = "sha256:34c22eb8c819d59cec4444d9eebe2e38b95d3dcdafe08965853f8799fd71161d"},
    {file = "lxml-4.7.1-cp36-cp36m-win32.whl", hash = "sha256:2a906c3890da6a63224d551c2967413b8790a6357a80bf6b257c9a7978c2c42d"},
    {file = "lxml-4.7.1-cp36-cp36m-win_amd64.whl", hash = "sha256:36b16fecb10246e599f178dd74f313cbdc9f41c56e77d52100d1361eed24f51a"},
    {file = "lxml-4.7.1-cp37-cp37m-macosx_10_14_x86_64.whl", hash = "sha256:a5edc58d631170de90e50adc2cc0248083541affef82f8cd93bea458e4d96db8"},
    {file = "lxml-4.7.1-cp37-cp37m-manylinux_2_12_i686.manylinux2010_i686.manylinux_2_24_i686.whl", hash = "sha256:87c1b0496e8c87ec9db5383e30042357b4839b46c2d556abd49ec770ce2ad868"},
    {file = "lxml-4.7.1-cp37-cp37m-manylinux_2_17_aarch64.manylinux2014_aarch64.manylinux_2_24_aarch64.whl", hash = "sha256:0a5f0e4747f31cff87d1eb32a6000bde1e603107f632ef4666be0dc065889c7a"},
    {file = "lxml-4.7.1-cp37-cp37m-manylinux_2_17_x86_64.manylinux2014_x86_64.manylinux_2_24_x86_64.whl", hash = "sha256:bf6005708fc2e2c89a083f258b97709559a95f9a7a03e59f805dd23c93bc3986"},
    {file = "lxml-4.7.1-cp37-cp37m-manylinux_2_5_i686.manylinux1_i686.whl", hash = "sha256:fc15874816b9320581133ddc2096b644582ab870cf6a6ed63684433e7af4b0d3"},
    {file = "lxml-4.7.1-cp37-cp37m-manylinux_2_5_x86_64.manylinux1_x86_64.whl", hash = "sha256:0b5e96e25e70917b28a5391c2ed3ffc6156513d3db0e1476c5253fcd50f7a944"},
    {file = "lxml-4.7.1-cp37-cp37m-musllinux_1_1_x86_64.whl", hash = "sha256:ec9027d0beb785a35aa9951d14e06d48cfbf876d8ff67519403a2522b181943b"},
    {file = "lxml-4.7.1-cp37-cp37m-win32.whl", hash = "sha256:9fbc0dee7ff5f15c4428775e6fa3ed20003140560ffa22b88326669d53b3c0f4"},
    {file = "lxml-4.7.1-cp37-cp37m-win_amd64.whl", hash = "sha256:1104a8d47967a414a436007c52f533e933e5d52574cab407b1e49a4e9b5ddbd1"},
    {file = "lxml-4.7.1-cp38-cp38-macosx_10_14_x86_64.whl", hash = "sha256:fc9fb11b65e7bc49f7f75aaba1b700f7181d95d4e151cf2f24d51bfd14410b77"},
    {file = "lxml-4.7.1-cp38-cp38-manylinux_2_12_i686.manylinux2010_i686.manylinux_2_24_i686.whl", hash = "sha256:317bd63870b4d875af3c1be1b19202de34c32623609ec803b81c99193a788c1e"},
    {file = "lxml-4.7.1-cp38-cp38-manylinux_2_17_aarch64.manylinux2014_aarch64.manylinux_2_24_aarch64.whl", hash = "sha256:610807cea990fd545b1559466971649e69302c8a9472cefe1d6d48a1dee97440"},
    {file = "lxml-4.7.1-cp38-cp38-manylinux_2_17_x86_64.manylinux2014_x86_64.manylinux_2_24_x86_64.whl", hash = "sha256:09b738360af8cb2da275998a8bf79517a71225b0de41ab47339c2beebfff025f"},
    {file = "lxml-4.7.1-cp38-cp38-manylinux_2_5_i686.manylinux1_i686.whl", hash = "sha256:6a2ab9d089324d77bb81745b01f4aeffe4094306d939e92ba5e71e9a6b99b71e"},
    {file = "lxml-4.7.1-cp38-cp38-manylinux_2_5_x86_64.manylinux1_x86_64.whl", hash = "sha256:eed394099a7792834f0cb4a8f615319152b9d801444c1c9e1b1a2c36d2239f9e"},
    {file = "lxml-4.7.1-cp38-cp38-musllinux_1_1_x86_64.whl", hash = "sha256:735e3b4ce9c0616e85f302f109bdc6e425ba1670a73f962c9f6b98a6d51b77c9"},
    {file = "lxml-4.7.1-cp38-cp38-win32.whl", hash = "sha256:772057fba283c095db8c8ecde4634717a35c47061d24f889468dc67190327bcd"},
    {file = "lxml-4.7.1-cp38-cp38-win_amd64.whl", hash = "sha256:13dbb5c7e8f3b6a2cf6e10b0948cacb2f4c9eb05029fe31c60592d08ac63180d"},
    {file = "lxml-4.7.1-cp39-cp39-macosx_10_14_x86_64.whl", hash = "sha256:718d7208b9c2d86aaf0294d9381a6acb0158b5ff0f3515902751404e318e02c9"},
    {file = "lxml-4.7.1-cp39-cp39-manylinux_2_12_i686.manylinux2010_i686.manylinux_2_24_i686.whl", hash = "sha256:5bee1b0cbfdb87686a7fb0e46f1d8bd34d52d6932c0723a86de1cc532b1aa489"},
    {file = "lxml-4.7.1-cp39-cp39-manylinux_2_17_aarch64.manylinux2014_aarch64.manylinux_2_24_aarch64.whl", hash = "sha256:e410cf3a2272d0a85526d700782a2fa92c1e304fdcc519ba74ac80b8297adf36"},
    {file = "lxml-4.7.1-cp39-cp39-manylinux_2_17_x86_64.manylinux2014_x86_64.manylinux_2_24_x86_64.whl", hash = "sha256:585ea241ee4961dc18a95e2f5581dbc26285fcf330e007459688096f76be8c42"},
    {file = "lxml-4.7.1-cp39-cp39-manylinux_2_5_i686.manylinux1_i686.whl", hash = "sha256:a555e06566c6dc167fbcd0ad507ff05fd9328502aefc963cb0a0547cfe7f00db"},
    {file = "lxml-4.7.1-cp39-cp39-manylinux_2_5_x86_64.manylinux1_x86_64.whl", hash = "sha256:adaab25be351fff0d8a691c4f09153647804d09a87a4e4ea2c3f9fe9e8651851"},
    {file = "lxml-4.7.1-cp39-cp39-musllinux_1_1_x86_64.whl", hash = "sha256:82d16a64236970cb93c8d63ad18c5b9f138a704331e4b916b2737ddfad14e0c4"},
    {file = "lxml-4.7.1-cp39-cp39-win32.whl", hash = "sha256:59e7da839a1238807226f7143c68a479dee09244d1b3cf8c134f2fce777d12d0"},
    {file = "lxml-4.7.1-cp39-cp39-win_amd64.whl", hash = "sha256:a1bbc4efa99ed1310b5009ce7f3a1784698082ed2c1ef3895332f5df9b3b92c2"},
    {file = "lxml-4.7.1-pp37-pypy37_pp73-macosx_10_14_x86_64.whl", hash = "sha256:0607ff0988ad7e173e5ddf7bf55ee65534bd18a5461183c33e8e41a59e89edf4"},
    {file = "lxml-4.7.1-pp37-pypy37_pp73-manylinux_2_12_i686.manylinux2010_i686.manylinux_2_24_i686.whl", hash = "sha256:6c198bfc169419c09b85ab10cb0f572744e686f40d1e7f4ed09061284fc1303f"},
    {file = "lxml-4.7.1-pp37-pypy37_pp73-manylinux_2_17_x86_64.manylinux2014_x86_64.manylinux_2_24_x86_64.whl", hash = "sha256:a58d78653ae422df6837dd4ca0036610b8cb4962b5cfdbd337b7b24de9e5f98a"},
    {file = "lxml-4.7.1-pp38-pypy38_pp73-macosx_10_14_x86_64.whl", hash = "sha256:e18281a7d80d76b66a9f9e68a98cf7e1d153182772400d9a9ce855264d7d0ce7"},
    {file = "lxml-4.7.1-pp38-pypy38_pp73-manylinux_2_12_i686.manylinux2010_i686.manylinux_2_24_i686.whl", hash = "sha256:8e54945dd2eeb50925500957c7c579df3cd07c29db7810b83cf30495d79af267"},
    {file = "lxml-4.7.1-pp38-pypy38_pp73-manylinux_2_17_x86_64.manylinux2014_x86_64.manylinux_2_24_x86_64.whl", hash = "sha256:447d5009d6b5447b2f237395d0018901dcc673f7d9f82ba26c1b9f9c3b444b60"},
    {file = "lxml-4.7.1.tar.gz", hash = "sha256:a1613838aa6b89af4ba10a0f3a972836128801ed008078f8c1244e65958f1b24"},
]
pyquery = [
    {file = "pyquery-1.4.3-py3-none-any.whl", hash = "sha256:1fc33b7699455ed25c75282bc8f80ace1ac078b0dda5a933dacbd8b1c1f83963"},
    {file = "pyquery-1.4.3.tar.gz", hash = "sha256:a388eefb6bc4a55350de0316fbd97cda999ae669b6743ae5b99102ba54f5aa72"},
]
"ruamel.yaml" = [
    {file = "ruamel.yaml-0.17.20-py3-none-any.whl", hash = "sha256:810eef9c46523a3f77479c66267a4708255ebe806a2d540078408c2227f011af"},
    {file = "ruamel.yaml-0.17.20.tar.gz", hash = "sha256:4b8a33c1efb2b443a93fcaafcfa4d2e445f8e8c29c528d9f5cdafb7cc9e4004c"},
]
"ruamel.yaml.clib" = [
    {file = "ruamel.yaml.clib-0.2.6-cp310-cp310-macosx_10_9_universal2.whl", hash = "sha256:6e7be2c5bcb297f5b82fee9c665eb2eb7001d1050deaba8471842979293a80b0"},
    {file = "ruamel.yaml.clib-0.2.6-cp310-cp310-manylinux_2_17_x86_64.manylinux2014_x86_64.manylinux_2_24_x86_64.whl", hash = "sha256:221eca6f35076c6ae472a531afa1c223b9c29377e62936f61bc8e6e8bdc5f9e7"},
    {file = "ruamel.yaml.clib-0.2.6-cp310-cp310-win32.whl", hash = "sha256:1070ba9dd7f9370d0513d649420c3b362ac2d687fe78c6e888f5b12bf8bc7bee"},
    {file = "ruamel.yaml.clib-0.2.6-cp310-cp310-win_amd64.whl", hash = "sha256:77df077d32921ad46f34816a9a16e6356d8100374579bc35e15bab5d4e9377de"},
    {file = "ruamel.yaml.clib-0.2.6-cp35-cp35m-macosx_10_6_intel.whl", hash = "sha256:cfdb9389d888c5b74af297e51ce357b800dd844898af9d4a547ffc143fa56751"},
    {file = "ruamel.yaml.clib-0.2.6-cp35-cp35m-manylinux1_x86_64.whl", hash = "sha256:7b2927e92feb51d830f531de4ccb11b320255ee95e791022555971c466af4527"},
    {file = "ruamel.yaml.clib-0.2.6-cp35-cp35m-win32.whl", hash = "sha256:ada3f400d9923a190ea8b59c8f60680c4ef8a4b0dfae134d2f2ff68429adfab5"},
    {file = "ruamel.yaml.clib-0.2.6-cp35-cp35m-win_amd64.whl", hash = "sha256:de9c6b8a1ba52919ae919f3ae96abb72b994dd0350226e28f3686cb4f142165c"},
    {file = "ruamel.yaml.clib-0.2.6-cp36-cp36m-macosx_10_9_x86_64.whl", hash = "sha256:d67f273097c368265a7b81e152e07fb90ed395df6e552b9fa858c6d2c9f42502"},
    {file = "ruamel.yaml.clib-0.2.6-cp36-cp36m-manylinux1_x86_64.whl", hash = "sha256:72a2b8b2ff0a627496aad76f37a652bcef400fd861721744201ef1b45199ab78"},
    {file = "ruamel.yaml.clib-0.2.6-cp36-cp36m-win32.whl", hash = "sha256:9efef4aab5353387b07f6b22ace0867032b900d8e91674b5d8ea9150db5cae94"},
    {file = "ruamel.yaml.clib-0.2.6-cp36-cp36m-win_amd64.whl", hash = "sha256:846fc8336443106fe23f9b6d6b8c14a53d38cef9a375149d61f99d78782ea468"},
    {file = "ruamel.yaml.clib-0.2.6-cp37-cp37m-macosx_10_9_x86_64.whl", hash = "sha256:0847201b767447fc33b9c235780d3aa90357d20dd6108b92be544427bea197dd"},
    {file = "ruamel.yaml.clib-0.2.6-cp37-cp37m-manylinux1_x86_64.whl", hash = "sha256:78988ed190206672da0f5d50c61afef8f67daa718d614377dcd5e3ed85ab4a99"},
    {file = "ruamel.yaml.clib-0.2.6-cp37-cp37m-win32.whl", hash = "sha256:a49e0161897901d1ac9c4a79984b8410f450565bbad64dbfcbf76152743a0cdb"},
    {file = "ruamel.yaml.clib-0.2.6-cp37-cp37m-win_amd64.whl", hash = "sha256:bf75d28fa071645c529b5474a550a44686821decebdd00e21127ef1fd566eabe"},
    {file = "ruamel.yaml.clib-0.2.6-cp38-cp38-macosx_10_9_x86_64.whl", hash = "sha256:a32f8d81ea0c6173ab1b3da956869114cae53ba1e9f72374032e33ba3118c233"},
    {file = "ruamel.yaml.clib-0.2.6-cp38-cp38-manylinux1_x86_64.whl", hash = "sha256:7f7ecb53ae6848f959db6ae93bdff1740e651809780822270eab111500842a84"},
    {file = "ruamel.yaml.clib-0.2.6-cp38-cp38-win32.whl", hash = "sha256:89221ec6d6026f8ae859c09b9718799fea22c0e8da8b766b0b2c9a9ba2db326b"},
    {file = "ruamel.yaml.clib-0.2.6-cp38-cp38-win_amd64.whl", hash = "sha256:31ea73e564a7b5fbbe8188ab8b334393e06d997914a4e184975348f204790277"},
    {file = "ruamel.yaml.clib-0.2.6-cp39-cp39-macosx_10_9_x86_64.whl", hash = "sha256:dc6a613d6c74eef5a14a214d433d06291526145431c3b964f5e16529b1842bed"},
    {file = "ruamel.yaml.clib-0.2.6-cp39-cp39-manylinux1_x86_64.whl", hash = "sha256:1866cf2c284a03b9524a5cc00daca56d80057c5ce3cdc86a52020f4c720856f0"},
    {file = "ruamel.yaml.clib-0.2.6-cp39-cp39-win32.whl", hash = "sha256:3fb9575a5acd13031c57a62cc7823e5d2ff8bc3835ba4d94b921b4e6ee664104"},
    {file = "ruamel.yaml.clib-0.2.6-cp39-cp39-win_amd64.whl", hash = "sha256:825d5fccef6da42f3c8eccd4281af399f21c02b32d98e113dbc631ea6a6ecbc7"},
    {file = "ruamel.yaml.clib-0.2.6.tar.gz", hash = "sha256:4ff604ce439abb20794f05613c374759ce10e3595d1867764dd1ae675b85acbd"},
]
soupsieve = [
    {file = "soupsieve-2.3.1-py3-none-any.whl", hash = "sha256:1a3cca2617c6b38c0343ed661b1fa5de5637f257d4fe22bd9f1338010a1efefb"},
    {file = "soupsieve-2.3.1.tar.gz", hash = "sha256:b8d49b1cd4f037c7082a9683dfa1801aa2597fb11c3a1155b7a5b94829b4f1f9"},
]
